
Microsoft Visual Studio Solution File, Format Version 12.00
# Visual Studio Version 16
VisualStudioVersion = 16.0.32802.440
MinimumVisualStudioVersion = 10.0.40219.1
Project("{E24C65DC-7377-472B-9ABA-BC803B73C61A}") = "20223133_cse2wdx_assignment2", ".", "{B618AB2C-20C4-4B1A-8D04-601085EEFB13}"
	ProjectSection(WebsiteProperties) = preProject
		TargetFrameworkMoniker = ".NETFramework,Version%3Dv4.0"
		Debug.AspNetCompiler.VirtualPath = "/localhost_62207"
		Debug.AspNetCompiler.PhysicalPath = "..\..\..\Desktop\20223133_cse2wdx_assignment2\"
		Debug.AspNetCompiler.TargetPath = "PrecompiledWeb\localhost_62207\"
		Debug.AspNetCompiler.Updateable = "true"
		Debug.AspNetCompiler.ForceOverwrite = "true"
		Debug.AspNetCompiler.FixedNames = "false"
		Debug.AspNetCompiler.Debug = "True"
		Release.AspNetCompiler.VirtualPath = "/localhost_62207"
		Release.AspNetCompiler.PhysicalPath = "..\..\..\Desktop\20223133_cse2wdx_assignment2\"
		Release.AspNetCompiler.TargetPath = "PrecompiledWeb\localhost_62207\"
		Release.AspNetCompiler.Updateable = "true"
		Release.AspNetCompiler.ForceOverwrite = "true"
		Release.AspNetCompiler.FixedNames = "false"
		Release.AspNetCompiler.Debug = "False"
		VWDPort = "62207"
	EndProjectSection
EndProject
Global
	GlobalSection(SolutionConfigurationPlatforms) = preSolution
		Debug|Any CPU = Debug|Any CPU
	EndGlobalSection
	GlobalSection(ProjectConfigurationPlatforms) = postSolution
		{B618AB2C-20C4-4B1A-8D04-601085EEFB13}.Debug|Any CPU.ActiveCfg = Debug|Any CPU
		{B618AB2C-20C4-4B1A-8D04-601085EEFB13}.Debug|Any CPU.Build.0 = Debug|Any CPU
	EndGlobalSection
	GlobalSection(SolutionProperties) = preSolution
		HideSolutionNode = FALSE
	EndGlobalSection
	GlobalSection(ExtensibilityGlobals) = postSolution
		SolutionGuid = {ACD6B01C-8A35-4791-840D-ABEAD85C082D}
	EndGlobalSection
EndGlobal
