
Microsoft Visual Studio Solution File, Format Version 12.00
# Visual Studio Version 16
VisualStudioVersion = 16.0.32802.440
MinimumVisualStudioVersion = 10.0.40219.1
Project("{E24C65DC-7377-472B-9ABA-BC803B73C61A}") = "20223133_cse2wdx_assignment3", "..\20223133_cse2wdx_assignment3\", "{040878EA-3138-45C4-9FFE-BA546A0C3BA4}"
	ProjectSection(WebsiteProperties) = preProject
		TargetFrameworkMoniker = ".NETFramework,Version%3Dv4.0"
		Debug.AspNetCompiler.VirtualPath = "/localhost_58469"
		Debug.AspNetCompiler.PhysicalPath = "..\..\..\Desktop\20223133_cse2wdx_assignment3\"
		Debug.AspNetCompiler.TargetPath = "PrecompiledWeb\localhost_58469\"
		Debug.AspNetCompiler.Updateable = "true"
		Debug.AspNetCompiler.ForceOverwrite = "true"
		Debug.AspNetCompiler.FixedNames = "false"
		Debug.AspNetCompiler.Debug = "True"
		Release.AspNetCompiler.VirtualPath = "/localhost_58469"
		Release.AspNetCompiler.PhysicalPath = "..\..\..\Desktop\20223133_cse2wdx_assignment3\"
		Release.AspNetCompiler.TargetPath = "PrecompiledWeb\localhost_58469\"
		Release.AspNetCompiler.Updateable = "true"
		Release.AspNetCompiler.ForceOverwrite = "true"
		Release.AspNetCompiler.FixedNames = "false"
		Release.AspNetCompiler.Debug = "False"
		VWDPort = "58469"
	EndProjectSection
EndProject
Global
	GlobalSection(SolutionConfigurationPlatforms) = preSolution
		Debug|Any CPU = Debug|Any CPU
	EndGlobalSection
	GlobalSection(ProjectConfigurationPlatforms) = postSolution
		{040878EA-3138-45C4-9FFE-BA546A0C3BA4}.Debug|Any CPU.ActiveCfg = Debug|Any CPU
		{040878EA-3138-45C4-9FFE-BA546A0C3BA4}.Debug|Any CPU.Build.0 = Debug|Any CPU
	EndGlobalSection
	GlobalSection(SolutionProperties) = preSolution
		HideSolutionNode = FALSE
	EndGlobalSection
	GlobalSection(ExtensibilityGlobals) = postSolution
		SolutionGuid = {15187F3F-1BB0-41D0-AB0E-FE41DC2F4EA7}
	EndGlobalSection
EndGlobal
